{
  "name": "test-folder",
  "lockfileVersion": 2,
  "requires": true,
  "packages": {
    "": {
      "dependencies": {
        "is-wds-by": "^1.0.0"
      }
    },
    "node_modules/is-wds-by": {
      "version": "1.0.0",
      "resolved": "https://registry.npmjs.org/is-wds-by/-/is-wds-by-1.0.0.tgz",
      "integrity": "sha512-pQgzti9IYyiYVEJ0t3VKWAwic7X3yMmT6YGeWy5ige7a7kbGD08qj73GJsiylfRh+xK+DaZ8PHbrvYWlg9EXKA=="
    }
  },
  "dependencies": {
    "is-wds-by": {
      "version": "1.0.0",
      "resolved": "https://registry.npmjs.org/is-wds-by/-/is-wds-by-1.0.0.tgz",
      "integrity": "sha512-pQgzti9IYyiYVEJ0t3VKWAwic7X3yMmT6YGeWy5ige7a7kbGD08qj73GJsiylfRh+xK+DaZ8PHbrvYWlg9EXKA=="
    }
  }
}
